
Microsoft Visual Studio Solution File, Format Version 12.00
# Visual Studio 15
VisualStudioVersion = 15.0.28307.1340
MinimumVisualStudioVersion = 10.0.40219.1
Project("{FAE04EC0-301F-11D3-BF4B-00C04F79EFBC}") = "AppMvc", "AppMvc\AppMvc.csproj", "{E0F67709-DD0F-4864-8ED5-F1665FC04ED5}"
EndProject
Global
	GlobalSection(SolutionConfigurationPlatforms) = preSolution
		Debug|Any CPU = Debug|Any CPU
		Release|Any CPU = Release|Any CPU
	EndGlobalSection
	GlobalSection(ProjectConfigurationPlatforms) = postSolution
		{E0F67709-DD0F-4864-8ED5-F1665FC04ED5}.Debug|Any CPU.ActiveCfg = Debug|Any CPU
		{E0F67709-DD0F-4864-8ED5-F1665FC04ED5}.Debug|Any CPU.Build.0 = Debug|Any CPU
		{E0F67709-DD0F-4864-8ED5-F1665FC04ED5}.Release|Any CPU.ActiveCfg = Release|Any CPU
		{E0F67709-DD0F-4864-8ED5-F1665FC04ED5}.Release|Any CPU.Build.0 = Release|Any CPU
	EndGlobalSection
	GlobalSection(SolutionProperties) = preSolution
		HideSolutionNode = FALSE
	EndGlobalSection
	GlobalSection(ExtensibilityGlobals) = postSolution
		SolutionGuid = {7A4A04EF-52A3-48EA-B849-CA90BE16AF5C}
	EndGlobalSection
EndGlobal
